
Microsoft Visual Studio Solution File, Format Version 12.00
# Visual Studio Version 17
VisualStudioVersion = 17.5.33414.496
MinimumVisualStudioVersion = 10.0.40219.1
Project("{FAE04EC0-301F-11D3-BF4B-00C04F79EFBC}") = "Empleado_Towa", "Empleado_Towa\Empleado_Towa.csproj", "{E5374411-D4B7-4AFB-BB09-AEADF7FA5025}"
EndProject
Project("{FAE04EC0-301F-11D3-BF4B-00C04F79EFBC}") = "API_Empleado", "API_Empleado\API_Empleado.csproj", "{29A35252-2AD3-489E-803A-831163AC3ECF}"
EndProject
Global
	GlobalSection(SolutionConfigurationPlatforms) = preSolution
		Debug|Any CPU = Debug|Any CPU
		Release|Any CPU = Release|Any CPU
	EndGlobalSection
	GlobalSection(ProjectConfigurationPlatforms) = postSolution
		{E5374411-D4B7-4AFB-BB09-AEADF7FA5025}.Debug|Any CPU.ActiveCfg = Debug|Any CPU
		{E5374411-D4B7-4AFB-BB09-AEADF7FA5025}.Debug|Any CPU.Build.0 = Debug|Any CPU
		{E5374411-D4B7-4AFB-BB09-AEADF7FA5025}.Release|Any CPU.ActiveCfg = Release|Any CPU
		{E5374411-D4B7-4AFB-BB09-AEADF7FA5025}.Release|Any CPU.Build.0 = Release|Any CPU
		{29A35252-2AD3-489E-803A-831163AC3ECF}.Debug|Any CPU.ActiveCfg = Debug|Any CPU
		{29A35252-2AD3-489E-803A-831163AC3ECF}.Debug|Any CPU.Build.0 = Debug|Any CPU
		{29A35252-2AD3-489E-803A-831163AC3ECF}.Release|Any CPU.ActiveCfg = Release|Any CPU
		{29A35252-2AD3-489E-803A-831163AC3ECF}.Release|Any CPU.Build.0 = Release|Any CPU
	EndGlobalSection
	GlobalSection(SolutionProperties) = preSolution
		HideSolutionNode = FALSE
	EndGlobalSection
	GlobalSection(ExtensibilityGlobals) = postSolution
		SolutionGuid = {D0BD40CB-441A-4124-A79B-F84AF007A62E}
	EndGlobalSection
EndGlobal
