
Microsoft Visual Studio Solution File, Format Version 12.00
# Visual Studio Version 17
VisualStudioVersion = 17.5.33414.496
MinimumVisualStudioVersion = 10.0.40219.1
Project("{9A19103F-16F7-4668-BE54-9A1E7A4F7556}") = "API_Empleado", "API_Empleado\API_Empleado.csproj", "{29A35252-2AD3-489E-803A-831163AC3ECF}"
EndProject
Project("{9A19103F-16F7-4668-BE54-9A1E7A4F7556}") = "Empleado_Daltum", "Empleado_Daltum\Empleado_Daltum.csproj", "{65C73A4E-FCE4-41FB-AEFF-43C1F89F1FC2}"
EndProject
Global
	GlobalSection(SolutionConfigurationPlatforms) = preSolution
		Debug|Any CPU = Debug|Any CPU
		Release|Any CPU = Release|Any CPU
	EndGlobalSection
	GlobalSection(ProjectConfigurationPlatforms) = postSolution
		{29A35252-2AD3-489E-803A-831163AC3ECF}.Debug|Any CPU.ActiveCfg = Debug|Any CPU
		{29A35252-2AD3-489E-803A-831163AC3ECF}.Debug|Any CPU.Build.0 = Debug|Any CPU
		{29A35252-2AD3-489E-803A-831163AC3ECF}.Release|Any CPU.ActiveCfg = Release|Any CPU
		{29A35252-2AD3-489E-803A-831163AC3ECF}.Release|Any CPU.Build.0 = Release|Any CPU
		{65C73A4E-FCE4-41FB-AEFF-43C1F89F1FC2}.Debug|Any CPU.ActiveCfg = Debug|Any CPU
		{65C73A4E-FCE4-41FB-AEFF-43C1F89F1FC2}.Debug|Any CPU.Build.0 = Debug|Any CPU
		{65C73A4E-FCE4-41FB-AEFF-43C1F89F1FC2}.Release|Any CPU.ActiveCfg = Release|Any CPU
		{65C73A4E-FCE4-41FB-AEFF-43C1F89F1FC2}.Release|Any CPU.Build.0 = Release|Any CPU
	EndGlobalSection
	GlobalSection(SolutionProperties) = preSolution
		HideSolutionNode = FALSE
	EndGlobalSection
	GlobalSection(ExtensibilityGlobals) = postSolution
		SolutionGuid = {D0BD40CB-441A-4124-A79B-F84AF007A62E}
	EndGlobalSection
EndGlobal
